// !$*UTF8*$!
{
	archiveVersion = 1;
	classes = {
	};
	objectVersion = 56;
	objects = {

/* Begin PBXBuildFile section */
		04A3B98D2A371A4500D2CD9A /* AppDelegate.swift in Sources */ = {isa = PBXBuildFile; fileRef = 04A3B98C2A371A4500D2CD9A /* AppDelegate.swift */; };
		04A3B9912A371A4500D2CD9A /* ViewController.swift in Sources */ = {isa = PBXBuildFile; fileRef = 04A3B9902A371A4500D2CD9A /* ViewController.swift */; };
		04A3B9942A371A4500D2CD9A /* Main.storyboard in Resources */ = {isa = PBXBuildFile; fileRef = 04A3B9922A371A4500D2CD9A /* Main.storyboard */; };
		04A3B9962A371A4600D2CD9A /* Assets.xcassets in Resources */ = {isa = PBXBuildFile; fileRef = 04A3B9952A371A4600D2CD9A /* Assets.xcassets */; };
		04A3B9992A371A4600D2CD9A /* LaunchScreen.storyboard in Resources */ = {isa = PBXBuildFile; fileRef = 04A3B9972A371A4600D2CD9A /* LaunchScreen.storyboard */; };
		04A3B9A12A371AAA00D2CD9A /* PostDetailBottomView.swift in Sources */ = {isa = PBXBuildFile; fileRef = 04A3B9A02A371AAA00D2CD9A /* PostDetailBottomView.swift */; };
		04A3B9AA2A371B0C00D2CD9A /* EmojiKeyboardView.swift in Sources */ = {isa = PBXBuildFile; fileRef = 04A3B9A32A371B0B00D2CD9A /* EmojiKeyboardView.swift */; };
		04A3B9AB2A371B0C00D2CD9A /* KeyboardShowManager.swift in Sources */ = {isa = PBXBuildFile; fileRef = 04A3B9A42A371B0B00D2CD9A /* KeyboardShowManager.swift */; };
		04A3B9AC2A371B0C00D2CD9A /* KeyboardView.swift in Sources */ = {isa = PBXBuildFile; fileRef = 04A3B9A52A371B0C00D2CD9A /* KeyboardView.swift */; };
		04A3B9AD2A371B0C00D2CD9A /* Podfile in Resources */ = {isa = PBXBuildFile; fileRef = 04A3B9A72A371B0C00D2CD9A /* Podfile */; };
		04A3B9AE2A371B0C00D2CD9A /* HorizontalPageFlowlayout.m in Sources */ = {isa = PBXBuildFile; fileRef = 04A3B9A82A371B0C00D2CD9A /* HorizontalPageFlowlayout.m */; };
		04A3B9AF2A371B0C00D2CD9A /* EmojisList.plist in Resources */ = {isa = PBXBuildFile; fileRef = 04A3B9A92A371B0C00D2CD9A /* EmojisList.plist */; };
		CF5D6C3EAB1FC13557225A84 /* Pods_EmoticonKeyboard.framework in Frameworks */ = {isa = PBXBuildFile; fileRef = FC01C72C0A3D7F4EA8BBB5F5 /* Pods_EmoticonKeyboard.framework */; };
/* End PBXBuildFile section */

/* Begin PBXFileReference section */
		04A3B9892A371A4500D2CD9A /* EmoticonKeyboard.app */ = {isa = PBXFileReference; explicitFileType = wrapper.application; includeInIndex = 0; path = EmoticonKeyboard.app; sourceTree = BUILT_PRODUCTS_DIR; };
		04A3B98C2A371A4500D2CD9A /* AppDelegate.swift */ = {isa = PBXFileReference; lastKnownFileType = sourcecode.swift; path = AppDelegate.swift; sourceTree = "<group>"; };
		04A3B9902A371A4500D2CD9A /* ViewController.swift */ = {isa = PBXFileReference; lastKnownFileType = sourcecode.swift; path = ViewController.swift; sourceTree = "<group>"; };
		04A3B9932A371A4500D2CD9A /* Base */ = {isa = PBXFileReference; lastKnownFileType = file.storyboard; name = Base; path = Base.lproj/Main.storyboard; sourceTree = "<group>"; };
		04A3B9952A371A4600D2CD9A /* Assets.xcassets */ = {isa = PBXFileReference; lastKnownFileType = folder.assetcatalog; path = Assets.xcassets; sourceTree = "<group>"; };
		04A3B9982A371A4600D2CD9A /* Base */ = {isa = PBXFileReference; lastKnownFileType = file.storyboard; name = Base; path = Base.lproj/LaunchScreen.storyboard; sourceTree = "<group>"; };
		04A3B99A2A371A4600D2CD9A /* Info.plist */ = {isa = PBXFileReference; lastKnownFileType = text.plist.xml; path = Info.plist; sourceTree = "<group>"; };
		04A3B9A02A371AAA00D2CD9A /* PostDetailBottomView.swift */ = {isa = PBXFileReference; fileEncoding = 4; lastKnownFileType = sourcecode.swift; path = PostDetailBottomView.swift; sourceTree = "<group>"; };
		04A3B9A22A371B0B00D2CD9A /* EmoticonKeyboard-Bridging-Header.h */ = {isa = PBXFileReference; lastKnownFileType = sourcecode.c.h; path = "EmoticonKeyboard-Bridging-Header.h"; sourceTree = "<group>"; };
		04A3B9A32A371B0B00D2CD9A /* EmojiKeyboardView.swift */ = {isa = PBXFileReference; fileEncoding = 4; lastKnownFileType = sourcecode.swift; path = EmojiKeyboardView.swift; sourceTree = "<group>"; };
		04A3B9A42A371B0B00D2CD9A /* KeyboardShowManager.swift */ = {isa = PBXFileReference; fileEncoding = 4; lastKnownFileType = sourcecode.swift; path = KeyboardShowManager.swift; sourceTree = "<group>"; };
		04A3B9A52A371B0C00D2CD9A /* KeyboardView.swift */ = {isa = PBXFileReference; fileEncoding = 4; lastKnownFileType = sourcecode.swift; path = KeyboardView.swift; sourceTree = "<group>"; };
		04A3B9A62A371B0C00D2CD9A /* HorizontalPageFlowlayout.h */ = {isa = PBXFileReference; fileEncoding = 4; lastKnownFileType = sourcecode.c.h; path = HorizontalPageFlowlayout.h; sourceTree = "<group>"; };
		04A3B9A72A371B0C00D2CD9A /* Podfile */ = {isa = PBXFileReference; fileEncoding = 4; lastKnownFileType = text; path = Podfile; sourceTree = "<group>"; };
		04A3B9A82A371B0C00D2CD9A /* HorizontalPageFlowlayout.m */ = {isa = PBXFileReference; fileEncoding = 4; lastKnownFileType = sourcecode.c.objc; path = HorizontalPageFlowlayout.m; sourceTree = "<group>"; };
		04A3B9A92A371B0C00D2CD9A /* EmojisList.plist */ = {isa = PBXFileReference; lastKnownFileType = file.bplist; path = EmojisList.plist; sourceTree = "<group>"; };
		4BBC3F6BBCF2F43585038DF8 /* Pods-EmoticonKeyboard.release.xcconfig */ = {isa = PBXFileReference; includeInIndex = 1; lastKnownFileType = text.xcconfig; name = "Pods-EmoticonKeyboard.release.xcconfig"; path = "Target Support Files/Pods-EmoticonKeyboard/Pods-EmoticonKeyboard.release.xcconfig"; sourceTree = "<group>"; };
		A87AB418BB7088916D50A9E2 /* Pods-EmoticonKeyboard.debug.xcconfig */ = {isa = PBXFileReference; includeInIndex = 1; lastKnownFileType = text.xcconfig; name = "Pods-EmoticonKeyboard.debug.xcconfig"; path = "Target Support Files/Pods-EmoticonKeyboard/Pods-EmoticonKeyboard.debug.xcconfig"; sourceTree = "<group>"; };
		FC01C72C0A3D7F4EA8BBB5F5 /* Pods_EmoticonKeyboard.framework */ = {isa = PBXFileReference; explicitFileType = wrapper.framework; includeInIndex = 0; path = Pods_EmoticonKeyboard.framework; sourceTree = BUILT_PRODUCTS_DIR; };
/* End PBXFileReference section */

/* Begin PBXFrameworksBuildPhase section */
		04A3B9862A371A4500D2CD9A /* Frameworks */ = {
			isa = PBXFrameworksBuildPhase;
			buildActionMask = 2147483647;
			files = (
				CF5D6C3EAB1FC13557225A84 /* Pods_EmoticonKeyboard.framework in Frameworks */,
			);
			runOnlyForDeploymentPostprocessing = 0;
		};
/* End PBXFrameworksBuildPhase section */

/* Begin PBXGroup section */
		04A3B9802A371A4500D2CD9A = {
			isa = PBXGroup;
			children = (
				04A3B98B2A371A4500D2CD9A /* EmoticonKeyboard */,
				04A3B98A2A371A4500D2CD9A /* Products */,
				6B8128F5E6C9D7B0C6D29755 /* Pods */,
				6F58065DA8F39A366901C300 /* Frameworks */,
			);
			sourceTree = "<group>";
		};
		04A3B98A2A371A4500D2CD9A /* Products */ = {
			isa = PBXGroup;
			children = (
				04A3B9892A371A4500D2CD9A /* EmoticonKeyboard.app */,
			);
			name = Products;
			sourceTree = "<group>";
		};
		04A3B98B2A371A4500D2CD9A /* EmoticonKeyboard */ = {
			isa = PBXGroup;
			children = (
				04A3B9A32A371B0B00D2CD9A /* EmojiKeyboardView.swift */,
				04A3B9A92A371B0C00D2CD9A /* EmojisList.plist */,
				04A3B9A62A371B0C00D2CD9A /* HorizontalPageFlowlayout.h */,
				04A3B9A82A371B0C00D2CD9A /* HorizontalPageFlowlayout.m */,
				04A3B9A42A371B0B00D2CD9A /* KeyboardShowManager.swift */,
				04A3B9A52A371B0C00D2CD9A /* KeyboardView.swift */,
				04A3B9A72A371B0C00D2CD9A /* Podfile */,
				04A3B98C2A371A4500D2CD9A /* AppDelegate.swift */,
				04A3B9902A371A4500D2CD9A /* ViewController.swift */,
				04A3B9A02A371AAA00D2CD9A /* PostDetailBottomView.swift */,
				04A3B9922A371A4500D2CD9A /* Main.storyboard */,
				04A3B9952A371A4600D2CD9A /* Assets.xcassets */,
				04A3B9972A371A4600D2CD9A /* LaunchScreen.storyboard */,
				04A3B99A2A371A4600D2CD9A /* Info.plist */,
				04A3B9A22A371B0B00D2CD9A /* EmoticonKeyboard-Bridging-Header.h */,
			);
			path = EmoticonKeyboard;
			sourceTree = "<group>";
		};
		6B8128F5E6C9D7B0C6D29755 /* Pods */ = {
			isa = PBXGroup;
			children = (
				A87AB418BB7088916D50A9E2 /* Pods-EmoticonKeyboard.debug.xcconfig */,
				4BBC3F6BBCF2F43585038DF8 /* Pods-EmoticonKeyboard.release.xcconfig */,
			);
			path = Pods;
			sourceTree = "<group>";
		};
		6F58065DA8F39A366901C300 /* Frameworks */ = {
			isa = PBXGroup;
			children = (
				FC01C72C0A3D7F4EA8BBB5F5 /* Pods_EmoticonKeyboard.framework */,
			);
			name = Frameworks;
			sourceTree = "<group>";
		};
/* End PBXGroup section */

/* Begin PBXNativeTarget section */
		04A3B9882A371A4500D2CD9A /* EmoticonKeyboard */ = {
			isa = PBXNativeTarget;
			buildConfigurationList = 04A3B99D2A371A4600D2CD9A /* Build configuration list for PBXNativeTarget "EmoticonKeyboard" */;
			buildPhases = (
				908F6CDAE1BB5ACE553D4B23 /* [CP] Check Pods Manifest.lock */,
				04A3B9852A371A4500D2CD9A /* Sources */,
				04A3B9862A371A4500D2CD9A /* Frameworks */,
				04A3B9872A371A4500D2CD9A /* Resources */,
				51A1C3A1E1AFAF6E263F63F1 /* [CP] Embed Pods Frameworks */,
			);
			buildRules = (
			);
			dependencies = (
			);
			name = EmoticonKeyboard;
			productName = EmoticonKeyboard;
			productReference = 04A3B9892A371A4500D2CD9A /* EmoticonKeyboard.app */;
			productType = "com.apple.product-type.application";
		};
/* End PBXNativeTarget section */

/* Begin PBXProject section */
		04A3B9812A371A4500D2CD9A /* Project object */ = {
			isa = PBXProject;
			attributes = {
				BuildIndependentTargetsInParallel = 1;
				LastSwiftUpdateCheck = 1420;
				LastUpgradeCheck = 1420;
				TargetAttributes = {
					04A3B9882A371A4500D2CD9A = {
						CreatedOnToolsVersion = 14.2;
						LastSwiftMigration = 1420;
					};
				};
			};
			buildConfigurationList = 04A3B9842A371A4500D2CD9A /* Build configuration list for PBXProject "EmoticonKeyboard" */;
			compatibilityVersion = "Xcode 14.0";
			developmentRegion = en;
			hasScannedForEncodings = 0;
			knownRegions = (
				en,
				Base,
			);
			mainGroup = 04A3B9802A371A4500D2CD9A;
			productRefGroup = 04A3B98A2A371A4500D2CD9A /* Products */;
			projectDirPath = "";
			projectRoot = "";
			targets = (
				04A3B9882A371A4500D2CD9A /* EmoticonKeyboard */,
			);
		};
/* End PBXProject section */

/* Begin PBXResourcesBuildPhase section */
		04A3B9872A371A4500D2CD9A /* Resources */ = {
			isa = PBXResourcesBuildPhase;
			buildActionMask = 2147483647;
			files = (
				04A3B9AF2A371B0C00D2CD9A /* EmojisList.plist in Resources */,
				04A3B9992A371A4600D2CD9A /* LaunchScreen.storyboard in Resources */,
				04A3B9962A371A4600D2CD9A /* Assets.xcassets in Resources */,
				04A3B9AD2A371B0C00D2CD9A /* Podfile in Resources */,
				04A3B9942A371A4500D2CD9A /* Main.storyboard in Resources */,
			);
			runOnlyForDeploymentPostprocessing = 0;
		};
/* End PBXResourcesBuildPhase section */

/* Begin PBXShellScriptBuildPhase section */
		51A1C3A1E1AFAF6E263F63F1 /* [CP] Embed Pods Frameworks */ = {
			isa = PBXShellScriptBuildPhase;
			buildActionMask = 2147483647;
			files = (
			);
			inputFileListPaths = (
				"${PODS_ROOT}/Target Support Files/Pods-EmoticonKeyboard/Pods-EmoticonKeyboard-frameworks-${CONFIGURATION}-input-files.xcfilelist",
			);
			name = "[CP] Embed Pods Frameworks";
			outputFileListPaths = (
				"${PODS_ROOT}/Target Support Files/Pods-EmoticonKeyboard/Pods-EmoticonKeyboard-frameworks-${CONFIGURATION}-output-files.xcfilelist",
			);
			runOnlyForDeploymentPostprocessing = 0;
			shellPath = /bin/sh;
			shellScript = "\"${PODS_ROOT}/Target Support Files/Pods-EmoticonKeyboard/Pods-EmoticonKeyboard-frameworks.sh\"\n";
			showEnvVarsInLog = 0;
		};
		908F6CDAE1BB5ACE553D4B23 /* [CP] Check Pods Manifest.lock */ = {
			isa = PBXShellScriptBuildPhase;
			buildActionMask = 2147483647;
			files = (
			);
			inputFileListPaths = (
			);
			inputPaths = (
				"${PODS_PODFILE_DIR_PATH}/Podfile.lock",
				"${PODS_ROOT}/Manifest.lock",
			);
			name = "[CP] Check Pods Manifest.lock";
			outputFileListPaths = (
			);
			outputPaths = (
				"$(DERIVED_FILE_DIR)/Pods-EmoticonKeyboard-checkManifestLockResult.txt",
			);
			runOnlyForDeploymentPostprocessing = 0;
			shellPath = /bin/sh;
			shellScript = "diff \"${PODS_PODFILE_DIR_PATH}/Podfile.lock\" \"${PODS_ROOT}/Manifest.lock\" > /dev/null\nif [ $? != 0 ] ; then\n    # print error to STDERR\n    echo \"error: The sandbox is not in sync with the Podfile.lock. Run 'pod install' or update your CocoaPods installation.\" >&2\n    exit 1\nfi\n# This output is used by Xcode 'outputs' to avoid re-running this script phase.\necho \"SUCCESS\" > \"${SCRIPT_OUTPUT_FILE_0}\"\n";
			showEnvVarsInLog = 0;
		};
/* End PBXShellScriptBuildPhase section */

/* Begin PBXSourcesBuildPhase section */
		04A3B9852A371A4500D2CD9A /* Sources */ = {
			isa = PBXSourcesBuildPhase;
			buildActionMask = 2147483647;
			files = (
				04A3B9912A371A4500D2CD9A /* ViewController.swift in Sources */,
				04A3B9AB2A371B0C00D2CD9A /* KeyboardShowManager.swift in Sources */,
				04A3B9AE2A371B0C00D2CD9A /* HorizontalPageFlowlayout.m in Sources */,
				04A3B9AC2A371B0C00D2CD9A /* KeyboardView.swift in Sources */,
				04A3B98D2A371A4500D2CD9A /* AppDelegate.swift in Sources */,
				04A3B9AA2A371B0C00D2CD9A /* EmojiKeyboardView.swift in Sources */,
				04A3B9A12A371AAA00D2CD9A /* PostDetailBottomView.swift in Sources */,
			);
			runOnlyForDeploymentPostprocessing = 0;
		};
/* End PBXSourcesBuildPhase section */

/* Begin PBXVariantGroup section */
		04A3B9922A371A4500D2CD9A /* Main.storyboard */ = {
			isa = PBXVariantGroup;
			children = (
				04A3B9932A371A4500D2CD9A /* Base */,
			);
			name = Main.storyboard;
			sourceTree = "<group>";
		};
		04A3B9972A371A4600D2CD9A /* LaunchScreen.storyboard */ = {
			isa = PBXVariantGroup;
			children = (
				04A3B9982A371A4600D2CD9A /* Base */,
			);
			name = LaunchScreen.storyboard;
			sourceTree = "<group>";
		};
/* End PBXVariantGroup section */

/* Begin XCBuildConfiguration section */
		04A3B99B2A371A4600D2CD9A /* Debug */ = {
			isa = XCBuildConfiguration;
			buildSettings = {
				ALWAYS_SEARCH_USER_PATHS = NO;
				CLANG_ANALYZER_NONNULL = YES;
				CLANG_ANALYZER_NUMBER_OBJECT_CONVERSION = YES_AGGRESSIVE;
				CLANG_CXX_LANGUAGE_STANDARD = "gnu++20";
				CLANG_ENABLE_MODULES = YES;
				CLANG_ENABLE_OBJC_ARC = YES;
				CLANG_ENABLE_OBJC_WEAK = YES;
				CLANG_WARN_BLOCK_CAPTURE_AUTORELEASING = YES;
				CLANG_WARN_BOOL_CONVERSION = YES;
				CLANG_WARN_COMMA = YES;
				CLANG_WARN_CONSTANT_CONVERSION = YES;
				CLANG_WARN_DEPRECATED_OBJC_IMPLEMENTATIONS = YES;
				CLANG_WARN_DIRECT_OBJC_ISA_USAGE = YES_ERROR;
				CLANG_WARN_DOCUMENTATION_COMMENTS = YES;
				CLANG_WARN_EMPTY_BODY = YES;
				CLANG_WARN_ENUM_CONVERSION = YES;
				CLANG_WARN_INFINITE_RECURSION = YES;
				CLANG_WARN_INT_CONVERSION = YES;
				CLANG_WARN_NON_LITERAL_NULL_CONVERSION = YES;
				CLANG_WARN_OBJC_IMPLICIT_RETAIN_SELF = YES;
				CLANG_WARN_OBJC_LITERAL_CONVERSION = YES;
				CLANG_WARN_OBJC_ROOT_CLASS = YES_ERROR;
				CLANG_WARN_QUOTED_INCLUDE_IN_FRAMEWORK_HEADER = YES;
				CLANG_WARN_RANGE_LOOP_ANALYSIS = YES;
				CLANG_WARN_STRICT_PROTOTYPES = YES;
				CLANG_WARN_SUSPICIOUS_MOVE = YES;
				CLANG_WARN_UNGUARDED_AVAILABILITY = YES_AGGRESSIVE;
				CLANG_WARN_UNREACHABLE_CODE = YES;
				CLANG_WARN__DUPLICATE_METHOD_MATCH = YES;
				COPY_PHASE_STRIP = NO;
				DEBUG_INFORMATION_FORMAT = dwarf;
				ENABLE_STRICT_OBJC_MSGSEND = YES;
				ENABLE_TESTABILITY = YES;
				GCC_C_LANGUAGE_STANDARD = gnu11;
				GCC_DYNAMIC_NO_PIC = NO;
				GCC_NO_COMMON_BLOCKS = YES;
				GCC_OPTIMIZATION_LEVEL = 0;
				GCC_PREPROCESSOR_DEFINITIONS = (
					"DEBUG=1",
					"$(inherited)",
				);
				GCC_WARN_64_TO_32_BIT_CONVERSION = YES;
				GCC_WARN_ABOUT_RETURN_TYPE = YES_ERROR;
				GCC_WARN_UNDECLARED_SELECTOR = YES;
				GCC_WARN_UNINITIALIZED_AUTOS = YES_AGGRESSIVE;
				GCC_WARN_UNUSED_FUNCTION = YES;
				GCC_WARN_UNUSED_VARIABLE = YES;
				IPHONEOS_DEPLOYMENT_TARGET = 16.2;
				MTL_ENABLE_DEBUG_INFO = INCLUDE_SOURCE;
				MTL_FAST_MATH = YES;
				ONLY_ACTIVE_ARCH = YES;
				SDKROOT = iphoneos;
				SWIFT_ACTIVE_COMPILATION_CONDITIONS = DEBUG;
				SWIFT_OPTIMIZATION_LEVEL = "-Onone";
			};
			name = Debug;
		};
		04A3B99C2A371A4600D2CD9A /* Release */ = {
			isa = XCBuildConfiguration;
			buildSettings = {
				ALWAYS_SEARCH_USER_PATHS = NO;
				CLANG_ANALYZER_NONNULL = YES;
				CLANG_ANALYZER_NUMBER_OBJECT_CONVERSION = YES_AGGRESSIVE;
				CLANG_CXX_LANGUAGE_STANDARD = "gnu++20";
				CLANG_ENABLE_MODULES = YES;
				CLANG_ENABLE_OBJC_ARC = YES;
				CLANG_ENABLE_OBJC_WEAK = YES;
				CLANG_WARN_BLOCK_CAPTURE_AUTORELEASING = YES;
				CLANG_WARN_BOOL_CONVERSION = YES;
				CLANG_WARN_COMMA = YES;
				CLANG_WARN_CONSTANT_CONVERSION = YES;
				CLANG_WARN_DEPRECATED_OBJC_IMPLEMENTATIONS = YES;
				CLANG_WARN_DIRECT_OBJC_ISA_USAGE = YES_ERROR;
				CLANG_WARN_DOCUMENTATION_COMMENTS = YES;
				CLANG_WARN_EMPTY_BODY = YES;
				CLANG_WARN_ENUM_CONVERSION = YES;
				CLANG_WARN_INFINITE_RECURSION = YES;
				CLANG_WARN_INT_CONVERSION = YES;
				CLANG_WARN_NON_LITERAL_NULL_CONVERSION = YES;
				CLANG_WARN_OBJC_IMPLICIT_RETAIN_SELF = YES;
				CLANG_WARN_OBJC_LITERAL_CONVERSION = YES;
				CLANG_WARN_OBJC_ROOT_CLASS = YES_ERROR;
				CLANG_WARN_QUOTED_INCLUDE_IN_FRAMEWORK_HEADER = YES;
				CLANG_WARN_RANGE_LOOP_ANALYSIS = YES;
				CLANG_WARN_STRICT_PROTOTYPES = YES;
				CLANG_WARN_SUSPICIOUS_MOVE = YES;
				CLANG_WARN_UNGUARDED_AVAILABILITY = YES_AGGRESSIVE;
				CLANG_WARN_UNREACHABLE_CODE = YES;
				CLANG_WARN__DUPLICATE_METHOD_MATCH = YES;
				COPY_PHASE_STRIP = NO;
				DEBUG_INFORMATION_FORMAT = "dwarf-with-dsym";
				ENABLE_NS_ASSERTIONS = NO;
				ENABLE_STRICT_OBJC_MSGSEND = YES;
				GCC_C_LANGUAGE_STANDARD = gnu11;
				GCC_NO_COMMON_BLOCKS = YES;
				GCC_WARN_64_TO_32_BIT_CONVERSION = YES;
				GCC_WARN_ABOUT_RETURN_TYPE = YES_ERROR;
				GCC_WARN_UNDECLARED_SELECTOR = YES;
				GCC_WARN_UNINITIALIZED_AUTOS = YES_AGGRESSIVE;
				GCC_WARN_UNUSED_FUNCTION = YES;
				GCC_WARN_UNUSED_VARIABLE = YES;
				IPHONEOS_DEPLOYMENT_TARGET = 16.2;
				MTL_ENABLE_DEBUG_INFO = NO;
				MTL_FAST_MATH = YES;
				SDKROOT = iphoneos;
				SWIFT_COMPILATION_MODE = wholemodule;
				SWIFT_OPTIMIZATION_LEVEL = "-O";
				VALIDATE_PRODUCT = YES;
			};
			name = Release;
		};
		04A3B99E2A371A4600D2CD9A /* Debug */ = {
			isa = XCBuildConfiguration;
			baseConfigurationReference = A87AB418BB7088916D50A9E2 /* Pods-EmoticonKeyboard.debug.xcconfig */;
			buildSettings = {
				ASSETCATALOG_COMPILER_APPICON_NAME = AppIcon;
				ASSETCATALOG_COMPILER_GLOBAL_ACCENT_COLOR_NAME = AccentColor;
				CLANG_ENABLE_MODULES = YES;
				CODE_SIGN_STYLE = Automatic;
				CURRENT_PROJECT_VERSION = 1;
				GENERATE_INFOPLIST_FILE = YES;
				INFOPLIST_FILE = EmoticonKeyboard/Info.plist;
				INFOPLIST_KEY_UIApplicationSupportsIndirectInputEvents = YES;
				INFOPLIST_KEY_UILaunchStoryboardName = LaunchScreen;
				INFOPLIST_KEY_UIMainStoryboardFile = Main;
				INFOPLIST_KEY_UISupportedInterfaceOrientations_iPad = "UIInterfaceOrientationPortrait UIInterfaceOrientationPortraitUpsideDown UIInterfaceOrientationLandscapeLeft UIInterfaceOrientationLandscapeRight";
				INFOPLIST_KEY_UISupportedInterfaceOrientations_iPhone = "UIInterfaceOrientationPortrait UIInterfaceOrientationLandscapeLeft UIInterfaceOrientationLandscapeRight";
				IPHONEOS_DEPLOYMENT_TARGET = 12.4;
				LD_RUNPATH_SEARCH_PATHS = (
					"$(inherited)",
					"@executable_path/Frameworks",
				);
				MARKETING_VERSION = 1.0;
				PRODUCT_BUNDLE_IDENTIFIER = test.test.EmoticonKeyboard;
				PRODUCT_NAME = "$(TARGET_NAME)";
				SWIFT_EMIT_LOC_STRINGS = YES;
				SWIFT_OBJC_BRIDGING_HEADER = "EmoticonKeyboard/EmoticonKeyboard-Bridging-Header.h";
				SWIFT_OPTIMIZATION_LEVEL = "-Onone";
				SWIFT_VERSION = 5.0;
				TARGETED_DEVICE_FAMILY = "1,2";
			};
			name = Debug;
		};
		04A3B99F2A371A4600D2CD9A /* Release */ = {
			isa = XCBuildConfiguration;
			baseConfigurationReference = 4BBC3F6BBCF2F43585038DF8 /* Pods-EmoticonKeyboard.release.xcconfig */;
			buildSettings = {
				ASSETCATALOG_COMPILER_APPICON_NAME = AppIcon;
				ASSETCATALOG_COMPILER_GLOBAL_ACCENT_COLOR_NAME = AccentColor;
				CLANG_ENABLE_MODULES = YES;
				CODE_SIGN_STYLE = Automatic;
				CURRENT_PROJECT_VERSION = 1;
				GENERATE_INFOPLIST_FILE = YES;
				INFOPLIST_FILE = EmoticonKeyboard/Info.plist;
				INFOPLIST_KEY_UIApplicationSupportsIndirectInputEvents = YES;
				INFOPLIST_KEY_UILaunchStoryboardName = LaunchScreen;
				INFOPLIST_KEY_UIMainStoryboardFile = Main;
				INFOPLIST_KEY_UISupportedInterfaceOrientations_iPad = "UIInterfaceOrientationPortrait UIInterfaceOrientationPortraitUpsideDown UIInterfaceOrientationLandscapeLeft UIInterfaceOrientationLandscapeRight";
				INFOPLIST_KEY_UISupportedInterfaceOrientations_iPhone = "UIInterfaceOrientationPortrait UIInterfaceOrientationLandscapeLeft UIInterfaceOrientationLandscapeRight";
				IPHONEOS_DEPLOYMENT_TARGET = 12.4;
				LD_RUNPATH_SEARCH_PATHS = (
					"$(inherited)",
					"@executable_path/Frameworks",
				);
				MARKETING_VERSION = 1.0;
				PRODUCT_BUNDLE_IDENTIFIER = test.test.EmoticonKeyboard;
				PRODUCT_NAME = "$(TARGET_NAME)";
				SWIFT_EMIT_LOC_STRINGS = YES;
				SWIFT_OBJC_BRIDGING_HEADER = "EmoticonKeyboard/EmoticonKeyboard-Bridging-Header.h";
				SWIFT_VERSION = 5.0;
				TARGETED_DEVICE_FAMILY = "1,2";
			};
			name = Release;
		};
/* End XCBuildConfiguration section */

/* Begin XCConfigurationList section */
		04A3B9842A371A4500D2CD9A /* Build configuration list for PBXProject "EmoticonKeyboard" */ = {
			isa = XCConfigurationList;
			buildConfigurations = (
				04A3B99B2A371A4600D2CD9A /* Debug */,
				04A3B99C2A371A4600D2CD9A /* Release */,
			);
			defaultConfigurationIsVisible = 0;
			defaultConfigurationName = Release;
		};
		04A3B99D2A371A4600D2CD9A /* Build configuration list for PBXNativeTarget "EmoticonKeyboard" */ = {
			isa = XCConfigurationList;
			buildConfigurations = (
				04A3B99E2A371A4600D2CD9A /* Debug */,
				04A3B99F2A371A4600D2CD9A /* Release */,
			);
			defaultConfigurationIsVisible = 0;
			defaultConfigurationName = Release;
		};
/* End XCConfigurationList section */
	};
	rootObject = 04A3B9812A371A4500D2CD9A /* Project object */;
}
